{
  "lockfile_version": "1",
  "packages": {
    "github:NixOS/nixpkgs/nixpkgs-unstable": {
      "last_modified": "2026-04-02T01:59:51Z",
      "resolved": "github:NixOS/nixpkgs/106eb93cbb9d4e4726bf6bc367a3114f7ed6b32f?lastModified=1775095191&narHash=sha256-CsqRiYbgQyv01LS0NlC7shwzhDhjNDQSrhBX8VuD3nM%3D"
    },
    "go@latest": {
      "last_modified": "2026-03-21T07:29:51Z",
      "resolved": "github:NixOS/nixpkgs/09061f748ee21f68a089cd5d91ec1859cd93d0be#go",
      "source": "devbox-search",
      "version": "1.26.1",
      "systems": {
        "aarch64-darwin": {
          "outputs": [
            {
              "name": "out",
              "path": "/nix/store/kh43nhaz1qcpwws2xq805lrmwpmn9i3k-go-1.26.1",
              "default": true
            }
          ],
          "store_path": "/nix/store/kh43nhaz1qcpwws2xq805lrmwpmn9i3k-go-1.26.1"
        },
        "aarch64-linux": {
          "outputs": [
            {
              "name": "out",
              "path": "/nix/store/rz1pqbm5z3zfby250i0djfmfzzj7khg9-go-1.26.1",
              "default": true
            }
          ],
          "store_path": "/nix/store/rz1pqbm5z3zfby250i0djfmfzzj7khg9-go-1.26.1"
        },
        "x86_64-darwin": {
          "outputs": [
            {
              "name": "out",
              "path": "/nix/store/yv6jj27racylbfjw6a1cdr91ndxbgyf6-go-1.26.1",
              "default": true
            }
          ],
          "store_path": "/nix/store/yv6jj27racylbfjw6a1cdr91ndxbgyf6-go-1.26.1"
        },
        "x86_64-linux": {
          "outputs": [
            {
              "name": "out",
              "path": "/nix/store/ckcq2mj8zk0drhaaacy6mp9d924hnr4m-go-1.26.1",
              "default": true
            }
          ],
          "store_path": "/nix/store/ckcq2mj8zk0drhaaacy6mp9d924hnr4m-go-1.26.1"
        }
      }
    },
    "goreleaser@latest": {
      "last_modified": "2026-04-08T00:40:38Z",
      "resolved": "github:NixOS/nixpkgs/9a01fad67a57e44e1b3e1d905c6881bcfb209e8a#goreleaser",
      "source": "devbox-search",
      "version": "2.15.2",
      "systems": {
        "aarch64-darwin": {
          "outputs": [
            {
              "name": "out",
              "path": "/nix/store/bwgcsz27118a6ir1s380z5y5h4pzxs15-goreleaser-2.15.2",
              "default": true
            }
          ],
          "store_path": "/nix/store/bwgcsz27118a6ir1s380z5y5h4pzxs15-goreleaser-2.15.2"
        },
        "aarch64-linux": {
          "outputs": [
            {
              "name": "out",
              "path": "/nix/store/a44yq5ab2rh5virfnn5hjl91n0fbbs2c-goreleaser-2.15.2",
              "default": true
            }
          ],
          "store_path": "/nix/store/a44yq5ab2rh5virfnn5hjl91n0fbbs2c-goreleaser-2.15.2"
        },
        "x86_64-darwin": {
          "outputs": [
            {
              "name": "out",
              "path": "/nix/store/a4i4f89y7pizcicjs0w5y7issgrm0qg0-goreleaser-2.15.2",
              "default": true
            }
          ],
          "store_path": "/nix/store/a4i4f89y7pizcicjs0w5y7issgrm0qg0-goreleaser-2.15.2"
        },
        "x86_64-linux": {
          "outputs": [
            {
              "name": "out",
              "path": "/nix/store/w6hm24gyxk0yjn1qbyx66s11y7cr5kkp-goreleaser-2.15.2",
              "default": true
            }
          ],
          "store_path": "/nix/store/w6hm24gyxk0yjn1qbyx66s11y7cr5kkp-goreleaser-2.15.2"
        }
      }
    },
    "nodejs_22@latest": {
      "last_modified": "2026-03-27T11:17:38Z",
      "plugin_version": "0.0.2",
      "resolved": "github:NixOS/nixpkgs/832efc09b4caf6b4569fbf9dc01bec3082a00611#nodejs_22",
      "source": "devbox-search",
      "version": "22.22.2",
      "systems": {
        "aarch64-darwin": {
          "outputs": [
            {
              "name": "out",
              "path": "/nix/store/jp1j44w4fvrxvx62fasairgwv80iw6x3-nodejs-22.22.2",
              "default": true
            }
          ],
          "store_path": "/nix/store/jp1j44w4fvrxvx62fasairgwv80iw6x3-nodejs-22.22.2"
        },
        "aarch64-linux": {
          "outputs": [
            {
              "name": "out",
              "path": "/nix/store/8h77mdsa9py3x9xxx2yak50fl6kqf2ma-nodejs-22.22.2",
              "default": true
            }
          ],
          "store_path": "/nix/store/8h77mdsa9py3x9xxx2yak50fl6kqf2ma-nodejs-22.22.2"
        },
        "x86_64-darwin": {
          "outputs": [
            {
              "name": "out",
              "path": "/nix/store/xn66x7bs1winnfa4pakr9lrjamb9bmj3-nodejs-22.22.2",
              "default": true
            }
          ],
          "store_path": "/nix/store/xn66x7bs1winnfa4pakr9lrjamb9bmj3-nodejs-22.22.2"
        },
        "x86_64-linux": {
          "outputs": [
            {
              "name": "out",
              "path": "/nix/store/h2barca1k5pmvcyl9fwrzwrb4cn1b248-nodejs-22.22.2",
              "default": true
            }
          ],
          "store_path": "/nix/store/h2barca1k5pmvcyl9fwrzwrb4cn1b248-nodejs-22.22.2"
        }
      }
    },
    "python313@latest": {
      "last_modified": "2025-05-16T20:19:48Z",
      "plugin_version": "0.0.4",
      "resolved": "github:NixOS/nixpkgs/12a55407652e04dcf2309436eb06fef0d3713ef3#python313",
      "source": "devbox-search",
      "version": "3.13.3",
      "systems": {
        "aarch64-darwin": {
          "outputs": [
            {
              "name": "out",
              "path": "/nix/store/1a8xg8l3m67hxinxzzcsak9736qm9vsf-python3-3.13.3",
              "default": true
            }
          ],
          "store_path": "/nix/store/1a8xg8l3m67hxinxzzcsak9736qm9vsf-python3-3.13.3"
        },
        "aarch64-linux": {
          "outputs": [
            {
              "name": "out",
              "path": "/nix/store/yy0xvc2rydhrs0h1v8d7r3sql347xzz5-python3-3.13.3",
              "default": true
            },
            {
              "name": "debug",
              "path": "/nix/store/42bxfqfrh8cwspl7szr0cw8739xv8qlq-python3-3.13.3-debug"
            }
          ],
          "store_path": "/nix/store/yy0xvc2rydhrs0h1v8d7r3sql347xzz5-python3-3.13.3"
        },
        "x86_64-darwin": {
          "outputs": [
            {
              "name": "out",
              "path": "/nix/store/gbrigjhghz9v2p0zf9b2fnvs0g0yx7q4-python3-3.13.3",
              "default": true
            }
          ],
          "store_path": "/nix/store/gbrigjhghz9v2p0zf9b2fnvs0g0yx7q4-python3-3.13.3"
        },
        "x86_64-linux": {
          "outputs": [
            {
              "name": "out",
              "path": "/nix/store/2mab9iiwhcqwk75qwvp3zv0bvbiaq6cs-python3-3.13.3",
              "default": true
            },
            {
              "name": "debug",
              "path": "/nix/store/9z6k8ijl2md0y2n95yprbjj4vxbfsi15-python3-3.13.3-debug"
            }
          ],
          "store_path": "/nix/store/2mab9iiwhcqwk75qwvp3zv0bvbiaq6cs-python3-3.13.3"
        }
      }
    },
    "python313Packages.pyyaml@latest": {
      "last_modified": "2026-03-21T07:29:51Z",
      "resolved": "github:NixOS/nixpkgs/09061f748ee21f68a089cd5d91ec1859cd93d0be#python313Packages.pyyaml",
      "source": "devbox-search",
      "version": "6.0.3",
      "systems": {
        "aarch64-darwin": {
          "outputs": [
            {
              "name": "out",
              "path": "/nix/store/qv070prb5rqmpd6k9p2ldp491iqp6fwa-python3.13-pyyaml-6.0.3",
              "default": true
            },
            {
              "name": "dist",
              "path": "/nix/store/dh7sl689zv4lcb8md50dng2akgdllshk-python3.13-pyyaml-6.0.3-dist"
            }
          ],
          "store_path": "/nix/store/qv070prb5rqmpd6k9p2ldp491iqp6fwa-python3.13-pyyaml-6.0.3"
        },
        "aarch64-linux": {
          "outputs": [
            {
              "name": "out",
              "path": "/nix/store/2vk12grbja9kgal0d4wx0z163pn5g6rj-python3.13-pyyaml-6.0.3",
              "default": true
            },
            {
              "name": "dist",
              "path": "/nix/store/yjdixk51pamvanm7sgx6j1nn5sja5zdp-python3.13-pyyaml-6.0.3-dist"
            }
          ],
          "store_path": "/nix/store/2vk12grbja9kgal0d4wx0z163pn5g6rj-python3.13-pyyaml-6.0.3"
        },
        "x86_64-darwin": {
          "outputs": [
            {
              "name": "out",
              "path": "/nix/store/zj338b99zryycb2znnlhrc0426nvrqlr-python3.13-pyyaml-6.0.3",
              "default": true
            },
            {
              "name": "dist",
              "path": "/nix/store/4aya5dczj4lqlq2afc5fzawi0vdxyra0-python3.13-pyyaml-6.0.3-dist"
            }
          ],
          "store_path": "/nix/store/zj338b99zryycb2znnlhrc0426nvrqlr-python3.13-pyyaml-6.0.3"
        },
        "x86_64-linux": {
          "outputs": [
            {
              "name": "out",
              "path": "/nix/store/4k25zhrdxqvihfq3b1rh1kydpz92v8mr-python3.13-pyyaml-6.0.3",
              "default": true
            },
            {
              "name": "dist",
              "path": "/nix/store/qzahdr1bckabd9bjp0zzr26w791g0afc-python3.13-pyyaml-6.0.3-dist"
            }
          ],
          "store_path": "/nix/store/4k25zhrdxqvihfq3b1rh1kydpz92v8mr-python3.13-pyyaml-6.0.3"
        }
      }
    }
  }
}
